{
  "pins" : [
    {
      "identity" : "appcenterpackage",
      "kind" : "remoteSourceControl",
      "location" : "https://github.com/Sreekanth-Reddy-GB/AppCenterPackage.git",
      "state" : {
        "branch" : "main",
        "revision" : "98636161857e041c58d56f490b5c6eaf98ae533d"
      }
    }
  ],
  "version" : 2
}
